
Microsoft Visual Studio Solution File, Format Version 12.00
# Visual Studio Version 17
VisualStudioVersion = 17.0.32112.339
MinimumVisualStudioVersion = 10.0.40219.1
Project("{FAE04EC0-301F-11D3-BF4B-00C04F79EFBC}") = "SplitterSample", "SplitterSample.csproj", "{F992A684-93E7-4930-BE82-FEBD3C723117}"
EndProject
Global
	GlobalSection(SolutionConfigurationPlatforms) = preSolution
		Debug|Any CPU = Debug|Any CPU
		Release|Any CPU = Release|Any CPU
	EndGlobalSection
	GlobalSection(ProjectConfigurationPlatforms) = postSolution
		{F992A684-93E7-4930-BE82-FEBD3C723117}.Debug|Any CPU.ActiveCfg = Debug|Any CPU
		{F992A684-93E7-4930-BE82-FEBD3C723117}.Debug|Any CPU.Build.0 = Debug|Any CPU
		{F992A684-93E7-4930-BE82-FEBD3C723117}.Release|Any CPU.ActiveCfg = Release|Any CPU
		{F992A684-93E7-4930-BE82-FEBD3C723117}.Release|Any CPU.Build.0 = Release|Any CPU
	EndGlobalSection
	GlobalSection(SolutionProperties) = preSolution
		HideSolutionNode = FALSE
	EndGlobalSection
	GlobalSection(ExtensibilityGlobals) = postSolution
		SolutionGuid = {77559157-DE46-40FB-84F9-F681C6B4F03F}
	EndGlobalSection
EndGlobal
