
Microsoft Visual Studio Solution File, Format Version 12.00
# Visual Studio Version 17
VisualStudioVersion = 17.0.32112.339
MinimumVisualStudioVersion = 10.0.40219.1
Project("{FAE04EC0-301F-11D3-BF4B-00C04F79EFBC}") = "PivotTableSample", "PivotTableSample.csproj", "{BDA54F24-C23D-40F7-8BAC-C768F8357598}"
EndProject
Global
	GlobalSection(SolutionConfigurationPlatforms) = preSolution
		Debug|Any CPU = Debug|Any CPU
		Release|Any CPU = Release|Any CPU
	EndGlobalSection
	GlobalSection(ProjectConfigurationPlatforms) = postSolution
		{BDA54F24-C23D-40F7-8BAC-C768F8357598}.Debug|Any CPU.ActiveCfg = Debug|Any CPU
		{BDA54F24-C23D-40F7-8BAC-C768F8357598}.Debug|Any CPU.Build.0 = Debug|Any CPU
		{BDA54F24-C23D-40F7-8BAC-C768F8357598}.Release|Any CPU.ActiveCfg = Release|Any CPU
		{BDA54F24-C23D-40F7-8BAC-C768F8357598}.Release|Any CPU.Build.0 = Release|Any CPU
	EndGlobalSection
	GlobalSection(SolutionProperties) = preSolution
		HideSolutionNode = FALSE
	EndGlobalSection
	GlobalSection(ExtensibilityGlobals) = postSolution
		SolutionGuid = {C99C33CC-E804-428E-9D7C-80CFB677D19E}
	EndGlobalSection
EndGlobal
