
Microsoft Visual Studio Solution File, Format Version 12.00
# Visual Studio Version 17
VisualStudioVersion = 17.0.32014.148
MinimumVisualStudioVersion = 10.0.40219.1
Project("{FAE04EC0-301F-11D3-BF4B-00C04F79EFBC}") = "ThemeSwitch", "ThemeSwitch.csproj", "{9E0931B6-A86E-41C7-8F6F-1DB04313050E}"
EndProject
Global
	GlobalSection(SolutionConfigurationPlatforms) = preSolution
		Debug|Any CPU = Debug|Any CPU
		Release|Any CPU = Release|Any CPU
	EndGlobalSection
	GlobalSection(ProjectConfigurationPlatforms) = postSolution
		{9E0931B6-A86E-41C7-8F6F-1DB04313050E}.Debug|Any CPU.ActiveCfg = Debug|Any CPU
		{9E0931B6-A86E-41C7-8F6F-1DB04313050E}.Debug|Any CPU.Build.0 = Debug|Any CPU
		{9E0931B6-A86E-41C7-8F6F-1DB04313050E}.Release|Any CPU.ActiveCfg = Release|Any CPU
		{9E0931B6-A86E-41C7-8F6F-1DB04313050E}.Release|Any CPU.Build.0 = Release|Any CPU
	EndGlobalSection
	GlobalSection(SolutionProperties) = preSolution
		HideSolutionNode = FALSE
	EndGlobalSection
	GlobalSection(ExtensibilityGlobals) = postSolution
		SolutionGuid = {69EDC298-1173-4309-819E-370EA0AE80D3}
	EndGlobalSection
EndGlobal
