
Microsoft Visual Studio Solution File, Format Version 12.00
# Visual Studio Version 17
VisualStudioVersion = 17.0.32112.339
MinimumVisualStudioVersion = 10.0.40219.1
Project("{FAE04EC0-301F-11D3-BF4B-00C04F79EFBC}") = "GridSample", "GridSample.csproj", "{5E927FC3-F25B-419F-B73C-D3E4BDF5CF5B}"
EndProject
Global
	GlobalSection(SolutionConfigurationPlatforms) = preSolution
		Debug|Any CPU = Debug|Any CPU
		Release|Any CPU = Release|Any CPU
	EndGlobalSection
	GlobalSection(ProjectConfigurationPlatforms) = postSolution
		{5E927FC3-F25B-419F-B73C-D3E4BDF5CF5B}.Debug|Any CPU.ActiveCfg = Debug|Any CPU
		{5E927FC3-F25B-419F-B73C-D3E4BDF5CF5B}.Debug|Any CPU.Build.0 = Debug|Any CPU
		{5E927FC3-F25B-419F-B73C-D3E4BDF5CF5B}.Release|Any CPU.ActiveCfg = Release|Any CPU
		{5E927FC3-F25B-419F-B73C-D3E4BDF5CF5B}.Release|Any CPU.Build.0 = Release|Any CPU
	EndGlobalSection
	GlobalSection(SolutionProperties) = preSolution
		HideSolutionNode = FALSE
	EndGlobalSection
	GlobalSection(ExtensibilityGlobals) = postSolution
		SolutionGuid = {8E8EF1D9-B1E1-46FD-9149-5AE57F12ACF0}
	EndGlobalSection
EndGlobal
