
Microsoft Visual Studio Solution File, Format Version 12.00
# Visual Studio Version 17
VisualStudioVersion = 17.0.32112.339
MinimumVisualStudioVersion = 10.0.40219.1
Project("{FAE04EC0-301F-11D3-BF4B-00C04F79EFBC}") = "RangeNavigatorSample", "RangeNavigatorSample.csproj", "{786D190D-3909-4FAB-90BD-AA0486CAAE03}"
EndProject
Global
	GlobalSection(SolutionConfigurationPlatforms) = preSolution
		Debug|Any CPU = Debug|Any CPU
		Release|Any CPU = Release|Any CPU
	EndGlobalSection
	GlobalSection(ProjectConfigurationPlatforms) = postSolution
		{786D190D-3909-4FAB-90BD-AA0486CAAE03}.Debug|Any CPU.ActiveCfg = Debug|Any CPU
		{786D190D-3909-4FAB-90BD-AA0486CAAE03}.Debug|Any CPU.Build.0 = Debug|Any CPU
		{786D190D-3909-4FAB-90BD-AA0486CAAE03}.Release|Any CPU.ActiveCfg = Release|Any CPU
		{786D190D-3909-4FAB-90BD-AA0486CAAE03}.Release|Any CPU.Build.0 = Release|Any CPU
	EndGlobalSection
	GlobalSection(SolutionProperties) = preSolution
		HideSolutionNode = FALSE
	EndGlobalSection
	GlobalSection(ExtensibilityGlobals) = postSolution
		SolutionGuid = {261AE08C-6608-4630-B165-18273A0D1C97}
	EndGlobalSection
EndGlobal
