
Microsoft Visual Studio Solution File, Format Version 12.00
# Visual Studio Version 17
VisualStudioVersion = 17.0.32112.339
MinimumVisualStudioVersion = 10.0.40219.1
Project("{FAE04EC0-301F-11D3-BF4B-00C04F79EFBC}") = "TabsSample", "TabsSample.csproj", "{B575F4A5-FD48-4066-9E36-F3187DC84C1F}"
EndProject
Global
	GlobalSection(SolutionConfigurationPlatforms) = preSolution
		Debug|Any CPU = Debug|Any CPU
		Release|Any CPU = Release|Any CPU
	EndGlobalSection
	GlobalSection(ProjectConfigurationPlatforms) = postSolution
		{B575F4A5-FD48-4066-9E36-F3187DC84C1F}.Debug|Any CPU.ActiveCfg = Debug|Any CPU
		{B575F4A5-FD48-4066-9E36-F3187DC84C1F}.Debug|Any CPU.Build.0 = Debug|Any CPU
		{B575F4A5-FD48-4066-9E36-F3187DC84C1F}.Release|Any CPU.ActiveCfg = Release|Any CPU
		{B575F4A5-FD48-4066-9E36-F3187DC84C1F}.Release|Any CPU.Build.0 = Release|Any CPU
	EndGlobalSection
	GlobalSection(SolutionProperties) = preSolution
		HideSolutionNode = FALSE
	EndGlobalSection
	GlobalSection(ExtensibilityGlobals) = postSolution
		SolutionGuid = {624B520D-9399-4178-BD0F-2D410C50EF86}
	EndGlobalSection
EndGlobal
