
Microsoft Visual Studio Solution File, Format Version 12.00
# Visual Studio Version 17
VisualStudioVersion = 17.0.32112.339
MinimumVisualStudioVersion = 10.0.40219.1
Project("{FAE04EC0-301F-11D3-BF4B-00C04F79EFBC}") = "BreadcrumbSample", "BreadcrumbSample.csproj", "{F41D0D93-E806-4747-8308-D6AE6A7C7001}"
EndProject
Global
	GlobalSection(SolutionConfigurationPlatforms) = preSolution
		Debug|Any CPU = Debug|Any CPU
		Release|Any CPU = Release|Any CPU
	EndGlobalSection
	GlobalSection(ProjectConfigurationPlatforms) = postSolution
		{F41D0D93-E806-4747-8308-D6AE6A7C7001}.Debug|Any CPU.ActiveCfg = Debug|Any CPU
		{F41D0D93-E806-4747-8308-D6AE6A7C7001}.Debug|Any CPU.Build.0 = Debug|Any CPU
		{F41D0D93-E806-4747-8308-D6AE6A7C7001}.Release|Any CPU.ActiveCfg = Release|Any CPU
		{F41D0D93-E806-4747-8308-D6AE6A7C7001}.Release|Any CPU.Build.0 = Release|Any CPU
	EndGlobalSection
	GlobalSection(SolutionProperties) = preSolution
		HideSolutionNode = FALSE
	EndGlobalSection
	GlobalSection(ExtensibilityGlobals) = postSolution
		SolutionGuid = {353E39CB-0DAC-4BED-9398-CE93D8B8AAD8}
	EndGlobalSection
EndGlobal
