
Microsoft Visual Studio Solution File, Format Version 12.00
# Visual Studio Version 17
VisualStudioVersion = 17.0.32112.339
MinimumVisualStudioVersion = 10.0.40219.1
Project("{FAE04EC0-301F-11D3-BF4B-00C04F79EFBC}") = "NumericTextBoxSample", "NumericTextBoxSample.csproj", "{BA05E0EC-0AEB-452B-B83C-38ED3F7432CD}"
EndProject
Global
	GlobalSection(SolutionConfigurationPlatforms) = preSolution
		Debug|Any CPU = Debug|Any CPU
		Release|Any CPU = Release|Any CPU
	EndGlobalSection
	GlobalSection(ProjectConfigurationPlatforms) = postSolution
		{BA05E0EC-0AEB-452B-B83C-38ED3F7432CD}.Debug|Any CPU.ActiveCfg = Debug|Any CPU
		{BA05E0EC-0AEB-452B-B83C-38ED3F7432CD}.Debug|Any CPU.Build.0 = Debug|Any CPU
		{BA05E0EC-0AEB-452B-B83C-38ED3F7432CD}.Release|Any CPU.ActiveCfg = Release|Any CPU
		{BA05E0EC-0AEB-452B-B83C-38ED3F7432CD}.Release|Any CPU.Build.0 = Release|Any CPU
	EndGlobalSection
	GlobalSection(SolutionProperties) = preSolution
		HideSolutionNode = FALSE
	EndGlobalSection
	GlobalSection(ExtensibilityGlobals) = postSolution
		SolutionGuid = {08FD8294-FBF7-49AD-BAD6-73CCC0BDFE25}
	EndGlobalSection
EndGlobal
