
Microsoft Visual Studio Solution File, Format Version 12.00
# Visual Studio Version 17
VisualStudioVersion = 17.0.32014.148
MinimumVisualStudioVersion = 10.0.40219.1
Project("{FAE04EC0-301F-11D3-BF4B-00C04F79EFBC}") = "DragAndDrop", "DragAndDrop.csproj", "{AE94B2D3-2D08-449C-9226-D2A16CE60389}"
EndProject
Global
	GlobalSection(SolutionConfigurationPlatforms) = preSolution
		Debug|Any CPU = Debug|Any CPU
		Release|Any CPU = Release|Any CPU
	EndGlobalSection
	GlobalSection(ProjectConfigurationPlatforms) = postSolution
		{AE94B2D3-2D08-449C-9226-D2A16CE60389}.Debug|Any CPU.ActiveCfg = Debug|Any CPU
		{AE94B2D3-2D08-449C-9226-D2A16CE60389}.Debug|Any CPU.Build.0 = Debug|Any CPU
		{AE94B2D3-2D08-449C-9226-D2A16CE60389}.Release|Any CPU.ActiveCfg = Release|Any CPU
		{AE94B2D3-2D08-449C-9226-D2A16CE60389}.Release|Any CPU.Build.0 = Release|Any CPU
	EndGlobalSection
	GlobalSection(SolutionProperties) = preSolution
		HideSolutionNode = FALSE
	EndGlobalSection
	GlobalSection(ExtensibilityGlobals) = postSolution
		SolutionGuid = {3C0A0C2E-181F-4029-AC19-9B4570FDB9A3}
	EndGlobalSection
EndGlobal
