
Microsoft Visual Studio Solution File, Format Version 12.00
# Visual Studio Version 17
VisualStudioVersion = 17.0.32112.339
MinimumVisualStudioVersion = 10.0.40219.1
Project("{FAE04EC0-301F-11D3-BF4B-00C04F79EFBC}") = "ChipSample", "ChipSample.csproj", "{E560D905-262F-4CAA-BEC1-701A07A5D1DE}"
EndProject
Global
	GlobalSection(SolutionConfigurationPlatforms) = preSolution
		Debug|Any CPU = Debug|Any CPU
		Release|Any CPU = Release|Any CPU
	EndGlobalSection
	GlobalSection(ProjectConfigurationPlatforms) = postSolution
		{E560D905-262F-4CAA-BEC1-701A07A5D1DE}.Debug|Any CPU.ActiveCfg = Debug|Any CPU
		{E560D905-262F-4CAA-BEC1-701A07A5D1DE}.Debug|Any CPU.Build.0 = Debug|Any CPU
		{E560D905-262F-4CAA-BEC1-701A07A5D1DE}.Release|Any CPU.ActiveCfg = Release|Any CPU
		{E560D905-262F-4CAA-BEC1-701A07A5D1DE}.Release|Any CPU.Build.0 = Release|Any CPU
	EndGlobalSection
	GlobalSection(SolutionProperties) = preSolution
		HideSolutionNode = FALSE
	EndGlobalSection
	GlobalSection(ExtensibilityGlobals) = postSolution
		SolutionGuid = {8CA2E611-06A5-4E82-A005-10BA5CD68794}
	EndGlobalSection
EndGlobal
