
Microsoft Visual Studio Solution File, Format Version 12.00
# Visual Studio Version 17
VisualStudioVersion = 17.0.32112.339
MinimumVisualStudioVersion = 10.0.40219.1
Project("{FAE04EC0-301F-11D3-BF4B-00C04F79EFBC}") = "RangeSliderSample", "RangeSliderSample.csproj", "{CD24AB0B-3024-4580-97D6-CA2A8F535A1A}"
EndProject
Global
	GlobalSection(SolutionConfigurationPlatforms) = preSolution
		Debug|Any CPU = Debug|Any CPU
		Release|Any CPU = Release|Any CPU
	EndGlobalSection
	GlobalSection(ProjectConfigurationPlatforms) = postSolution
		{CD24AB0B-3024-4580-97D6-CA2A8F535A1A}.Debug|Any CPU.ActiveCfg = Debug|Any CPU
		{CD24AB0B-3024-4580-97D6-CA2A8F535A1A}.Debug|Any CPU.Build.0 = Debug|Any CPU
		{CD24AB0B-3024-4580-97D6-CA2A8F535A1A}.Release|Any CPU.ActiveCfg = Release|Any CPU
		{CD24AB0B-3024-4580-97D6-CA2A8F535A1A}.Release|Any CPU.Build.0 = Release|Any CPU
	EndGlobalSection
	GlobalSection(SolutionProperties) = preSolution
		HideSolutionNode = FALSE
	EndGlobalSection
	GlobalSection(ExtensibilityGlobals) = postSolution
		SolutionGuid = {9BAF0986-0035-4AC8-808B-1BC7CBE4FA82}
	EndGlobalSection
EndGlobal
