
Microsoft Visual Studio Solution File, Format Version 12.00
# Visual Studio Version 17
VisualStudioVersion = 17.0.32112.339
MinimumVisualStudioVersion = 10.0.40219.1
Project("{FAE04EC0-301F-11D3-BF4B-00C04F79EFBC}") = "DocumentEditorSample", "DocumentEditorSample.csproj", "{7AB9E9B0-94AB-4BDD-8C4C-678634CDA613}"
EndProject
Global
	GlobalSection(SolutionConfigurationPlatforms) = preSolution
		Debug|Any CPU = Debug|Any CPU
		Release|Any CPU = Release|Any CPU
	EndGlobalSection
	GlobalSection(ProjectConfigurationPlatforms) = postSolution
		{7AB9E9B0-94AB-4BDD-8C4C-678634CDA613}.Debug|Any CPU.ActiveCfg = Debug|Any CPU
		{7AB9E9B0-94AB-4BDD-8C4C-678634CDA613}.Debug|Any CPU.Build.0 = Debug|Any CPU
		{7AB9E9B0-94AB-4BDD-8C4C-678634CDA613}.Release|Any CPU.ActiveCfg = Release|Any CPU
		{7AB9E9B0-94AB-4BDD-8C4C-678634CDA613}.Release|Any CPU.Build.0 = Release|Any CPU
	EndGlobalSection
	GlobalSection(SolutionProperties) = preSolution
		HideSolutionNode = FALSE
	EndGlobalSection
	GlobalSection(ExtensibilityGlobals) = postSolution
		SolutionGuid = {08C12779-313C-4EF5-BFF6-072AC7162301}
	EndGlobalSection
EndGlobal
