{
  "requires": true,
  "lockfileVersion": 1,
  "dependencies": {
    "@syncfusion/ej2-locale": {
      "version": "19.4.41",
      "resolved": "https://registry.npmjs.org/@syncfusion/ej2-locale/-/ej2-locale-19.4.41.tgz",
      "integrity": "sha512-foUUQaKj09QuJEyEO1W72MCbqEkUmcgxTrtBwkQSHEOsBsAN5Cuf0gvbmCpdMUZuaZIGbi4GDNgIIVs6dDsWiQ=="
    }
  }
}
