
Microsoft Visual Studio Solution File, Format Version 12.00
# Visual Studio Version 17
VisualStudioVersion = 17.0.32014.148
MinimumVisualStudioVersion = 10.0.40219.1
Project("{FAE04EC0-301F-11D3-BF4B-00C04F79EFBC}") = "Animation", "Animation.csproj", "{D96A674C-4159-4E59-A280-A8E9120B796B}"
EndProject
Global
	GlobalSection(SolutionConfigurationPlatforms) = preSolution
		Debug|Any CPU = Debug|Any CPU
		Release|Any CPU = Release|Any CPU
	EndGlobalSection
	GlobalSection(ProjectConfigurationPlatforms) = postSolution
		{D96A674C-4159-4E59-A280-A8E9120B796B}.Debug|Any CPU.ActiveCfg = Debug|Any CPU
		{D96A674C-4159-4E59-A280-A8E9120B796B}.Debug|Any CPU.Build.0 = Debug|Any CPU
		{D96A674C-4159-4E59-A280-A8E9120B796B}.Release|Any CPU.ActiveCfg = Release|Any CPU
		{D96A674C-4159-4E59-A280-A8E9120B796B}.Release|Any CPU.Build.0 = Release|Any CPU
	EndGlobalSection
	GlobalSection(SolutionProperties) = preSolution
		HideSolutionNode = FALSE
	EndGlobalSection
	GlobalSection(ExtensibilityGlobals) = postSolution
		SolutionGuid = {62581A2A-BE72-46B5-A408-4F4911A96441}
	EndGlobalSection
EndGlobal
