
Microsoft Visual Studio Solution File, Format Version 12.00
# Visual Studio Version 17
VisualStudioVersion = 17.0.32112.339
MinimumVisualStudioVersion = 10.0.40219.1
Project("{FAE04EC0-301F-11D3-BF4B-00C04F79EFBC}") = "SparklineSample", "SparklineSample.csproj", "{F3AC1EA8-8B9C-43E1-98DF-F03B01F5F987}"
EndProject
Global
	GlobalSection(SolutionConfigurationPlatforms) = preSolution
		Debug|Any CPU = Debug|Any CPU
		Release|Any CPU = Release|Any CPU
	EndGlobalSection
	GlobalSection(ProjectConfigurationPlatforms) = postSolution
		{F3AC1EA8-8B9C-43E1-98DF-F03B01F5F987}.Debug|Any CPU.ActiveCfg = Debug|Any CPU
		{F3AC1EA8-8B9C-43E1-98DF-F03B01F5F987}.Debug|Any CPU.Build.0 = Debug|Any CPU
		{F3AC1EA8-8B9C-43E1-98DF-F03B01F5F987}.Release|Any CPU.ActiveCfg = Release|Any CPU
		{F3AC1EA8-8B9C-43E1-98DF-F03B01F5F987}.Release|Any CPU.Build.0 = Release|Any CPU
	EndGlobalSection
	GlobalSection(SolutionProperties) = preSolution
		HideSolutionNode = FALSE
	EndGlobalSection
	GlobalSection(ExtensibilityGlobals) = postSolution
		SolutionGuid = {CC0003BA-4A1F-4E25-A5E9-C6B9D582885A}
	EndGlobalSection
EndGlobal
