
Microsoft Visual Studio Solution File, Format Version 12.00
# Visual Studio Version 17
VisualStudioVersion = 17.0.32112.339
MinimumVisualStudioVersion = 10.0.40219.1
Project("{FAE04EC0-301F-11D3-BF4B-00C04F79EFBC}") = "DropDownTreeSample", "DropDownTreeSample.csproj", "{FAA8638D-9D89-46A7-9E28-6FB0DD974D80}"
EndProject
Global
	GlobalSection(SolutionConfigurationPlatforms) = preSolution
		Debug|Any CPU = Debug|Any CPU
		Release|Any CPU = Release|Any CPU
	EndGlobalSection
	GlobalSection(ProjectConfigurationPlatforms) = postSolution
		{FAA8638D-9D89-46A7-9E28-6FB0DD974D80}.Debug|Any CPU.ActiveCfg = Debug|Any CPU
		{FAA8638D-9D89-46A7-9E28-6FB0DD974D80}.Debug|Any CPU.Build.0 = Debug|Any CPU
		{FAA8638D-9D89-46A7-9E28-6FB0DD974D80}.Release|Any CPU.ActiveCfg = Release|Any CPU
		{FAA8638D-9D89-46A7-9E28-6FB0DD974D80}.Release|Any CPU.Build.0 = Release|Any CPU
	EndGlobalSection
	GlobalSection(SolutionProperties) = preSolution
		HideSolutionNode = FALSE
	EndGlobalSection
	GlobalSection(ExtensibilityGlobals) = postSolution
		SolutionGuid = {CD3D5FFD-B18C-42AE-A751-461107B94D80}
	EndGlobalSection
EndGlobal
