
Microsoft Visual Studio Solution File, Format Version 12.00
# Visual Studio Version 17
VisualStudioVersion = 17.0.32112.339
MinimumVisualStudioVersion = 10.0.40219.1
Project("{FAE04EC0-301F-11D3-BF4B-00C04F79EFBC}") = "ContextMenuSample", "ContextMenuSample.csproj", "{BBC1DF4F-C5DF-4457-A02A-D9A682B8BC91}"
EndProject
Global
	GlobalSection(SolutionConfigurationPlatforms) = preSolution
		Debug|Any CPU = Debug|Any CPU
		Release|Any CPU = Release|Any CPU
	EndGlobalSection
	GlobalSection(ProjectConfigurationPlatforms) = postSolution
		{BBC1DF4F-C5DF-4457-A02A-D9A682B8BC91}.Debug|Any CPU.ActiveCfg = Debug|Any CPU
		{BBC1DF4F-C5DF-4457-A02A-D9A682B8BC91}.Debug|Any CPU.Build.0 = Debug|Any CPU
		{BBC1DF4F-C5DF-4457-A02A-D9A682B8BC91}.Release|Any CPU.ActiveCfg = Release|Any CPU
		{BBC1DF4F-C5DF-4457-A02A-D9A682B8BC91}.Release|Any CPU.Build.0 = Release|Any CPU
	EndGlobalSection
	GlobalSection(SolutionProperties) = preSolution
		HideSolutionNode = FALSE
	EndGlobalSection
	GlobalSection(ExtensibilityGlobals) = postSolution
		SolutionGuid = {20E66F15-0069-431A-BA14-0AB7731F46B3}
	EndGlobalSection
EndGlobal
