
Microsoft Visual Studio Solution File, Format Version 12.00
# Visual Studio Version 17
VisualStudioVersion = 17.0.32112.339
MinimumVisualStudioVersion = 10.0.40219.1
Project("{FAE04EC0-301F-11D3-BF4B-00C04F79EFBC}") = "ButtonSample", "ButtonSample.csproj", "{24015709-3F32-4D08-9E44-7686246B8051}"
EndProject
Global
	GlobalSection(SolutionConfigurationPlatforms) = preSolution
		Debug|Any CPU = Debug|Any CPU
		Release|Any CPU = Release|Any CPU
	EndGlobalSection
	GlobalSection(ProjectConfigurationPlatforms) = postSolution
		{24015709-3F32-4D08-9E44-7686246B8051}.Debug|Any CPU.ActiveCfg = Debug|Any CPU
		{24015709-3F32-4D08-9E44-7686246B8051}.Debug|Any CPU.Build.0 = Debug|Any CPU
		{24015709-3F32-4D08-9E44-7686246B8051}.Release|Any CPU.ActiveCfg = Release|Any CPU
		{24015709-3F32-4D08-9E44-7686246B8051}.Release|Any CPU.Build.0 = Release|Any CPU
	EndGlobalSection
	GlobalSection(SolutionProperties) = preSolution
		HideSolutionNode = FALSE
	EndGlobalSection
	GlobalSection(ExtensibilityGlobals) = postSolution
		SolutionGuid = {CD04D1E3-D8FA-45EA-B19E-559A0B740D8C}
	EndGlobalSection
EndGlobal
